
Microsoft Visual Studio Solution File, Format Version 12.00
# Visual Studio Version 17
VisualStudioVersion = 17.8.34322.80
MinimumVisualStudioVersion = 10.0.40219.1
Project("{FAE04EC0-301F-11D3-BF4B-00C04F79EFBC}") = "PresentationLayer", "Zvonko\PresentationLayer.csproj", "{D3BABAF2-0E38-42BA-A209-8C4920474D88}"
EndProject
Project("{FAE04EC0-301F-11D3-BF4B-00C04F79EFBC}") = "DataAccessLayer", "DatabaseLayer\DataAccessLayer.csproj", "{AE476E17-76E1-4301-8DB6-A91F6D460241}"
EndProject
Project("{FAE04EC0-301F-11D3-BF4B-00C04F79EFBC}") = "BusinessLogicLayer", "BusinessLogicLayer\BusinessLogicLayer.csproj", "{60EB1D5A-B20B-4DF5-8CE8-82B726F06E1C}"
EndProject
Project("{FAE04EC0-301F-11D3-BF4B-00C04F79EFBC}") = "EntitiesLayer", "EntitiesLayer\EntitiesLayer.csproj", "{D2F57E5A-4AFC-4329-9614-EB6DB65CC10B}"
EndProject
Project("{9A19103F-16F7-4668-BE54-9A1E7A4F7556}") = "AcceptanceTests", "AcceptanceTests\AcceptanceTests.csproj", "{4A08644F-3369-4FAD-AEF5-2EEACCAF76C1}"
EndProject
Project("{9A19103F-16F7-4668-BE54-9A1E7A4F7556}") = "IntegrationTests", "IntegrationTests\IntegrationTests.csproj", "{D2DA8FE3-C9C1-427A-AD36-85FDB75C0AEF}"
EndProject
Project("{FAE04EC0-301F-11D3-BF4B-00C04F79EFBC}") = "UnitTests", "UnitTests\UnitTests.csproj", "{ADA9D5CB-1D9F-4E8E-AD75-D0B908837F07}"
EndProject
Global
	GlobalSection(SolutionConfigurationPlatforms) = preSolution
		Debug|Any CPU = Debug|Any CPU
		Release|Any CPU = Release|Any CPU
	EndGlobalSection
	GlobalSection(ProjectConfigurationPlatforms) = postSolution
		{D3BABAF2-0E38-42BA-A209-8C4920474D88}.Debug|Any CPU.ActiveCfg = Debug|Any CPU
		{D3BABAF2-0E38-42BA-A209-8C4920474D88}.Debug|Any CPU.Build.0 = Debug|Any CPU
		{D3BABAF2-0E38-42BA-A209-8C4920474D88}.Release|Any CPU.ActiveCfg = Release|Any CPU
		{D3BABAF2-0E38-42BA-A209-8C4920474D88}.Release|Any CPU.Build.0 = Release|Any CPU
		{AE476E17-76E1-4301-8DB6-A91F6D460241}.Debug|Any CPU.ActiveCfg = Debug|Any CPU
		{AE476E17-76E1-4301-8DB6-A91F6D460241}.Debug|Any CPU.Build.0 = Debug|Any CPU
		{AE476E17-76E1-4301-8DB6-A91F6D460241}.Release|Any CPU.ActiveCfg = Release|Any CPU
		{AE476E17-76E1-4301-8DB6-A91F6D460241}.Release|Any CPU.Build.0 = Release|Any CPU
		{60EB1D5A-B20B-4DF5-8CE8-82B726F06E1C}.Debug|Any CPU.ActiveCfg = Debug|Any CPU
		{60EB1D5A-B20B-4DF5-8CE8-82B726F06E1C}.Debug|Any CPU.Build.0 = Debug|Any CPU
		{60EB1D5A-B20B-4DF5-8CE8-82B726F06E1C}.Release|Any CPU.ActiveCfg = Release|Any CPU
		{60EB1D5A-B20B-4DF5-8CE8-82B726F06E1C}.Release|Any CPU.Build.0 = Release|Any CPU
		{D2F57E5A-4AFC-4329-9614-EB6DB65CC10B}.Debug|Any CPU.ActiveCfg = Debug|Any CPU
		{D2F57E5A-4AFC-4329-9614-EB6DB65CC10B}.Debug|Any CPU.Build.0 = Debug|Any CPU
		{D2F57E5A-4AFC-4329-9614-EB6DB65CC10B}.Release|Any CPU.ActiveCfg = Release|Any CPU
		{D2F57E5A-4AFC-4329-9614-EB6DB65CC10B}.Release|Any CPU.Build.0 = Release|Any CPU
		{4A08644F-3369-4FAD-AEF5-2EEACCAF76C1}.Debug|Any CPU.ActiveCfg = Debug|Any CPU
		{4A08644F-3369-4FAD-AEF5-2EEACCAF76C1}.Debug|Any CPU.Build.0 = Debug|Any CPU
		{4A08644F-3369-4FAD-AEF5-2EEACCAF76C1}.Release|Any CPU.ActiveCfg = Release|Any CPU
		{4A08644F-3369-4FAD-AEF5-2EEACCAF76C1}.Release|Any CPU.Build.0 = Release|Any CPU
		{D2DA8FE3-C9C1-427A-AD36-85FDB75C0AEF}.Debug|Any CPU.ActiveCfg = Debug|Any CPU
		{D2DA8FE3-C9C1-427A-AD36-85FDB75C0AEF}.Debug|Any CPU.Build.0 = Debug|Any CPU
		{D2DA8FE3-C9C1-427A-AD36-85FDB75C0AEF}.Release|Any CPU.ActiveCfg = Release|Any CPU
		{D2DA8FE3-C9C1-427A-AD36-85FDB75C0AEF}.Release|Any CPU.Build.0 = Release|Any CPU
		{ADA9D5CB-1D9F-4E8E-AD75-D0B908837F07}.Debug|Any CPU.ActiveCfg = Debug|Any CPU
		{ADA9D5CB-1D9F-4E8E-AD75-D0B908837F07}.Debug|Any CPU.Build.0 = Debug|Any CPU
		{ADA9D5CB-1D9F-4E8E-AD75-D0B908837F07}.Release|Any CPU.ActiveCfg = Release|Any CPU
		{ADA9D5CB-1D9F-4E8E-AD75-D0B908837F07}.Release|Any CPU.Build.0 = Release|Any CPU
	EndGlobalSection
	GlobalSection(SolutionProperties) = preSolution
		HideSolutionNode = FALSE
	EndGlobalSection
	GlobalSection(ExtensibilityGlobals) = postSolution
		SolutionGuid = {A880C4EF-9961-4BAC-8FA5-38AEFA14B6C5}
	EndGlobalSection
EndGlobal
